# This file was autogenerated by Stack.
# You should not edit this file by hand.
# For more information, please see the documentation at:
#   https://docs.haskellstack.org/en/stable/lock_files

packages:
- completed:
    hackage: bytestring-0.11.5.3@sha256:3eee5d3658b657371d0f940f1f38feefc2ebdf8592a32d3d0734f28c61f80ba0,7595
    pantry-tree:
      sha256: bb97a05a67b1ea6c61af66e5abbbb0094bc397c1a930348442a41619026191ee
      size: 4019
  original:
    hackage: bytestring-0.11.5.3
snapshots:
- completed:
    sha256: 6a553c5fa4f211a9b639da5e5359124a93627852dd9967bed202fdd71b25f15e
    size: 720021
    url: https://raw.githubusercontent.com/commercialhaskell/stackage-snapshots/master/lts/22/36.yaml
  original:
    url: https://raw.githubusercontent.com/commercialhaskell/stackage-snapshots/master/lts/22/36.yaml
